version = 1
revision = 3
requires-python = ">=3.11, <3.13"

[[package]]
name = "cffi"
version = "2.0.0"
source = { registry = "https://pypi.org/simple" }
dependencies = [
    { name = "pycparser", marker = "implementation_name != 'PyPy'" },
]
sdist = { url = "https://files.pythonhosted.org/packages/eb/56/b1ba7935a17738ae8453301356628e8147c79dbb825bcbc73dc7401f9846/cffi-2.0.0.tar.gz", hash = "sha256:44d1b5909021139fe36001ae048dbdde8214afa20200eda0f64c068cac5d5529", size = 523588, upload-time = "2025-09-08T23:24:04.541Z" }
wheels = [
    { url = "https://files.pythonhosted.org/packages/12/4a/3dfd5f7850cbf0d06dc84ba9aa00db766b52ca38d8b86e3a38314d52498c/cffi-2.0.0-cp311-cp311-macosx_10_13_x86_64.whl", hash = "sha256:b4c854ef3adc177950a8dfc81a86f5115d2abd545751a304c5bcf2c2c7283cfe", size = 184344, upload-time = "2025-09-08T23:22:26.456Z" },
    { url = "https://files.pythonhosted.org/packages/4f/8b/f0e4c441227ba756aafbe78f117485b25bb26b1c059d01f137fa6d14896b/cffi-2.0.0-cp311-cp311-macosx_11_0_arm64.whl", hash = "sha256:2de9a304e27f7596cd03d16f1b7c72219bd944e99cc52b84d0145aefb07cbd3c", size = 180560, upload-time = "2025-09-08T23:22:28.197Z" },
    { url = "https://files.pythonhosted.org/packages/b1/b7/1200d354378ef52ec227395d95c2576330fd22a869f7a70e88e1447eb234/cffi-2.0.0-cp311-cp311-manylinux1_i686.manylinux2014_i686.manylinux_2_17_i686.manylinux_2_5_i686.whl", hash = "sha256:baf5215e0ab74c16e2dd324e8ec067ef59e41125d3eade2b863d294fd5035c92", size = 209613, upload-time = "2025-09-08T23:22:29.475Z" },
    { url = "https://files.pythonhosted.org/packages/b8/56/6033f5e86e8cc9bb629f0077ba71679508bdf54a9a5e112a3c0b91870332/cffi-2.0.0-cp311-cp311-manylinux2014_aarch64.manylinux_2_17_aarch64.whl", hash = "sha256:730cacb21e1bdff3ce90babf007d0a0917cc3e6492f336c2f0134101e0944f93", size = 216476, upload-time = "2025-09-08T23:22:31.063Z" },
    { url = "https://files.pythonhosted.org/packages/dc/7f/55fecd70f7ece178db2f26128ec41430d8720f2d12ca97bf8f0a628207d5/cffi-2.0.0-cp311-cp311-manylinux2014_ppc64le.manylinux_2_17_ppc64le.whl", hash = "sha256:6824f87845e3396029f3820c206e459ccc91760e8fa24422f8b0c3d1731cbec5", size = 203374, upload-time = "2025-09-08T23:22:32.507Z" },
    { url = "https://files.pythonhosted.org/packages/84/ef/a7b77c8bdc0f77adc3b46888f1ad54be8f3b7821697a7b89126e829e676a/cffi-2.0.0-cp311-cp311-manylinux2014_s390x.manylinux_2_17_s390x.whl", hash = "sha256:9de40a7b0323d889cf8d23d1ef214f565ab154443c42737dfe52ff82cf857664", size = 202597, upload-time = "2025-09-08T23:22:34.132Z" },
    { url = "https://files.pythonhosted.org/packages/d7/91/500d892b2bf36529a75b77958edfcd5ad8e2ce4064ce2ecfeab2125d72d1/cffi-2.0.0-cp311-cp311-manylinux2014_x86_64.manylinux_2_17_x86_64.whl", hash = "sha256:8941aaadaf67246224cee8c3803777eed332a19d909b47e29c9842ef1e79ac26", size = 215574, upload-time = "2025-09-08T23:22:35.443Z" },
    { url = "https://files.pythonhosted.org/packages/44/64/58f6255b62b101093d5df22dcb752596066c7e89dd725e0afaed242a61be/cffi-2.0.0-cp311-cp311-musllinux_1_2_aarch64.whl", hash = "sha256:a05d0c237b3349096d3981b727493e22147f934b20f6f125a3eba8f994bec4a9", size = 218971, upload-time = "2025-09-08T23:22:36.805Z" },
    { url = "https://files.pythonhosted.org/packages/ab/49/fa72cebe2fd8a55fbe14956f9970fe8eb1ac59e5df042f603ef7c8ba0adc/cffi-2.0.0-cp311-cp311-musllinux_1_2_i686.whl", hash = "sha256:94698a9c5f91f9d138526b48fe26a199609544591f859c870d477351dc7b2414", size = 211972, upload-time = "2025-09-08T23:22:38.436Z" },
    { url = "https://files.pythonhosted.org/packages/0b/28/dd0967a76aab36731b6ebfe64dec4e981aff7e0608f60c2d46b46982607d/cffi-2.0.0-cp311-cp311-musllinux_1_2_x86_64.whl", hash = "sha256:5fed36fccc0612a53f1d4d9a816b50a36702c28a2aa880cb8a122b3466638743", size = 217078, upload-time = "2025-09-08T23:22:39.776Z" },
    { url = "https://files.pythonhosted.org/packages/2b/c0/015b25184413d7ab0a410775fdb4a50fca20f5589b5dab1dbbfa3baad8ce/cffi-2.0.0-cp311-cp311-win32.whl", hash = "sha256:c649e3a33450ec82378822b3dad03cc228b8f5963c0c12fc3b1e0ab940f768a5", size = 172076, upload-time = "2025-09-08T23:22:40.95Z" },
    { url = "https://files.pythonhosted.org/packages/ae/8f/dc5531155e7070361eb1b7e4c1a9d896d0cb21c49f807a6c03fd63fc877e/cffi-2.0.0-cp311-cp311-win_amd64.whl", hash = "sha256:66f011380d0e49ed280c789fbd08ff0d40968ee7b665575489afa95c98196ab5", size = 182820, upload-time = "2025-09-08T23:22:42.463Z" },
    { url = "https://files.pythonhosted.org/packages/95/5c/1b493356429f9aecfd56bc171285a4c4ac8697f76e9bbbbb105e537853a1/cffi-2.0.0-cp311-cp311-win_arm64.whl", hash = "sha256:c6638687455baf640e37344fe26d37c404db8b80d037c3d29f58fe8d1c3b194d", size = 177635, upload-time = "2025-09-08T23:22:43.623Z" },
    { url = "https://files.pythonhosted.org/packages/ea/47/4f61023ea636104d4f16ab488e268b93008c3d0bb76893b1b31db1f96802/cffi-2.0.0-cp312-cp312-macosx_10_13_x86_64.whl", hash = "sha256:6d02d6655b0e54f54c4ef0b94eb6be0607b70853c45ce98bd278dc7de718be5d", size = 185271, upload-time = "2025-09-08T23:22:44.795Z" },
    { url = "https://files.pythonhosted.org/packages/df/a2/781b623f57358e360d62cdd7a8c681f074a71d445418a776eef0aadb4ab4/cffi-2.0.0-cp312-cp312-macosx_11_0_arm64.whl", hash = "sha256:8eca2a813c1cb7ad4fb74d368c2ffbbb4789d377ee5bb8df98373c2cc0dee76c", size = 181048, upload-time = "2025-09-08T23:22:45.938Z" },
    { url = "https://files.pythonhosted.org/packages/ff/df/a4f0fbd47331ceeba3d37c2e51e9dfc9722498becbeec2bd8bc856c9538a/cffi-2.0.0-cp312-cp312-manylinux1_i686.manylinux2014_i686.manylinux_2_17_i686.manylinux_2_5_i686.whl", hash = "sha256:21d1152871b019407d8ac3985f6775c079416c282e431a4da6afe7aefd2bccbe", size = 212529, upload-time = "2025-09-08T23:22:47.349Z" },
    { url = "https://files.pythonhosted.org/packages/d5/72/12b5f8d3865bf0f87cf1404d8c374e7487dcf097a1c91c436e72e6badd83/cffi-2.0.0-cp312-cp312-manylinux2014_aarch64.manylinux_2_17_aarch64.whl", hash = "sha256:b21e08af67b8a103c71a250401c78d5e0893beff75e28c53c98f4de42f774062", size = 220097, upload-time = "2025-09-08T23:22:48.677Z" },
    { url = "https://files.pythonhosted.org/packages/c2/95/7a135d52a50dfa7c882ab0ac17e8dc11cec9d55d2c18dda414c051c5e69e/cffi-2.0.0-cp312-cp312-manylinux2014_ppc64le.manylinux_2_17_ppc64le.whl", hash = "sha256:1e3a615586f05fc4065a8b22b8152f0c1b00cdbc60596d187c2a74f9e3036e4e", size = 207983, upload-time = "2025-09-08T23:22:50.06Z" },
    { url = "https://files.pythonhosted.org/packages/3a/c8/15cb9ada8895957ea171c62dc78ff3e99159ee7adb13c0123c001a2546c1/cffi-2.0.0-cp312-cp312-manylinux2014_s390x.manylinux_2_17_s390x.whl", hash = "sha256:81afed14892743bbe14dacb9e36d9e0e504cd204e0b165062c488942b9718037", size = 206519, upload-time = "2025-09-08T23:22:51.364Z" },
    { url = "https://files.pythonhosted.org/packages/78/2d/7fa73dfa841b5ac06c7b8855cfc18622132e365f5b81d02230333ff26e9e/cffi-2.0.0-cp312-cp312-manylinux2014_x86_64.manylinux_2_17_x86_64.whl", hash = "sha256:3e17ed538242334bf70832644a32a7aae3d83b57567f9fd60a26257e992b79ba", size = 219572, upload-time = "2025-09-08T23:22:52.902Z" },
    { url = "https://files.pythonhosted.org/packages/07/e0/267e57e387b4ca276b90f0434ff88b2c2241ad72b16d31836adddfd6031b/cffi-2.0.0-cp312-cp312-musllinux_1_2_aarch64.whl", hash = "sha256:3925dd22fa2b7699ed2617149842d2e6adde22b262fcbfada50e3d195e4b3a94", size = 222963, upload-time = "2025-09-08T23:22:54.518Z" },
    { url = "https://files.pythonhosted.org/packages/b6/75/1f2747525e06f53efbd878f4d03bac5b859cbc11c633d0fb81432d98a795/cffi-2.0.0-cp312-cp312-musllinux_1_2_x86_64.whl", hash = "sha256:2c8f814d84194c9ea681642fd164267891702542f028a15fc97d4674b6206187", size = 221361, upload-time = "2025-09-08T23:22:55.867Z" },
    { url = "https://files.pythonhosted.org/packages/7b/2b/2b6435f76bfeb6bbf055596976da087377ede68df465419d192acf00c437/cffi-2.0.0-cp312-cp312-win32.whl", hash = "sha256:da902562c3e9c550df360bfa53c035b2f241fed6d9aef119048073680ace4a18", size = 172932, upload-time = "2025-09-08T23:22:57.188Z" },
    { url = "https://files.pythonhosted.org/packages/f8/ed/13bd4418627013bec4ed6e54283b1959cf6db888048c7cf4b4c3b5b36002/cffi-2.0.0-cp312-cp312-win_amd64.whl", hash = "sha256:da68248800ad6320861f129cd9c1bf96ca849a2771a59e0344e88681905916f5", size = 183557, upload-time = "2025-09-08T23:22:58.351Z" },
    { url = "https://files.pythonhosted.org/packages/95/31/9f7f93ad2f8eff1dbc1c3656d7ca5bfd8fb52c9d786b4dcf19b2d02217fa/cffi-2.0.0-cp312-cp312-win_arm64.whl", hash = "sha256:4671d9dd5ec934cb9a73e7ee9676f9362aba54f7f34910956b84d727b0d73fb6", size = 177762, upload-time = "2025-09-08T23:22:59.668Z" },
]

[[package]]
name = "colorama"
version = "0.4.6"
source = { registry = "https://pypi.org/simple" }
sdist = { url = "https://files.pythonhosted.org/packages/d8/53/6f443c9a4a8358a93a6792e2acffb9d9d5cb0a5cfd8802644b7b1c9a02e4/colorama-0.4.6.tar.gz", hash = "sha256:08695f5cb7ed6e0531a20572697297273c47b8cae5a63ffc6d6ed5c201be6e44", size = 27697, upload-time = "2022-10-25T02:36:22.414Z" }
wheels = [
    { url = "https://files.pythonhosted.org/packages/d1/d6/3965ed04c63042e047cb6a3e6ed1a63a35087b6a609aa3a15ed8ac56c221/colorama-0.4.6-py2.py3-none-any.whl", hash = "sha256:4f1d9991f5acc0ca119f9d443620b77f9d6b33703e51011c16baf57afb285fc6", size = 25335, upload-time = "2022-10-25T02:36:20.889Z" },
]

[[package]]
name = "cython"
version = "3.2.3"
source = { registry = "https://pypi.org/simple" }
sdist = { url = "https://files.pythonhosted.org/packages/39/e1/c0d92b1258722e1bc62a12e630c33f1f842fdab53fd8cd5de2f75c6449a9/cython-3.2.3.tar.gz", hash = "sha256:f13832412d633376ffc08d751cc18ed0d7d00a398a4065e2871db505258748a6", size = 3276650, upload-time = "2025-12-14T07:50:34.691Z" }
wheels = [
    { url = "https://files.pythonhosted.org/packages/c3/85/77315c92d29d782bee1b36e30b8d76ad1e731cb7ea0af17e285885f3bb68/cython-3.2.3-cp311-cp311-macosx_11_0_arm64.whl", hash = "sha256:c041f7e338cca2422e0924716b04fabeda57636214324fc1941396acce99e7c7", size = 2951618, upload-time = "2025-12-14T07:50:53.883Z" },
    { url = "https://files.pythonhosted.org/packages/cb/dd/a8209e0d424a0207ddb4a3097a97b667027af3cfada762d85f3bed08ccf8/cython-3.2.3-cp311-cp311-manylinux2014_aarch64.manylinux_2_17_aarch64.manylinux_2_28_aarch64.whl", hash = "sha256:283262b8f902323ceb6ed3b643f275a2a963e7ab059f0714a467933383cbc56d", size = 3243636, upload-time = "2025-12-14T07:50:56.346Z" },
    { url = "https://files.pythonhosted.org/packages/1f/2d/bc1927fd7174f7928b86cc9b83589d39592b9273c8b1d2295ca0c0071984/cython-3.2.3-cp311-cp311-manylinux2014_x86_64.manylinux_2_17_x86_64.manylinux_2_28_x86_64.whl", hash = "sha256:22a624290c2883387b2c2cfb5224c15bff21432c6a2cf0c23ac8df3dcbd45e96", size = 3378528, upload-time = "2025-12-14T07:50:57.988Z" },
    { url = "https://files.pythonhosted.org/packages/ad/10/5add6a6e1721f9c36b5d5b4f3b75fa7af43196e4f2a474921a7277e31b7a/cython-3.2.3-cp311-cp311-win_amd64.whl", hash = "sha256:26404441f733fd1cfb0dd9c45477f501437e7d51fad05bb402bd2feb4e127aa3", size = 2769341, upload-time = "2025-12-14T07:50:59.581Z" },
    { url = "https://files.pythonhosted.org/packages/b4/14/d16282d17c9eb2f78ca9ccd5801fed22f6c3360f5a55dbcce3c93cc70352/cython-3.2.3-cp312-cp312-macosx_11_0_arm64.whl", hash = "sha256:cf210228c15b5c625824d8e31d43b6fea25f9e13c81dac632f2f7d838e0229a5", size = 2968471, upload-time = "2025-12-14T07:51:01.207Z" },
    { url = "https://files.pythonhosted.org/packages/d0/3c/46304a942dac5a636701c55f5b05ec00ad151e6722cd068fe3d0993349bb/cython-3.2.3-cp312-cp312-manylinux2014_aarch64.manylinux_2_17_aarch64.manylinux_2_28_aarch64.whl", hash = "sha256:f5bf0cebeb4147e172a114437d3fce5a507595d8fdd821be792b1bb25c691514", size = 3223581, upload-time = "2025-12-14T07:51:04.336Z" },
    { url = "https://files.pythonhosted.org/packages/29/ad/15da606d71f40bcf2c405f84ca3d4195cb252f4eaa2f551fe6b2e630ee7c/cython-3.2.3-cp312-cp312-manylinux2014_x86_64.manylinux_2_17_x86_64.manylinux_2_28_x86_64.whl", hash = "sha256:d1f8700ba89c977438744f083890d87187f15709507a5489e0f6d682053b7fa0", size = 3391391, upload-time = "2025-12-14T07:51:05.998Z" },
    { url = "https://files.pythonhosted.org/packages/51/9e/045b35eb678682edc3e2d57112cf5ac3581a9ef274eb220b638279195678/cython-3.2.3-cp312-cp312-win_amd64.whl", hash = "sha256:25732f3981a93407826297f4423206e5e22c3cfccfc74e37bf444453bbdc076f", size = 2756814, upload-time = "2025-12-14T07:51:07.759Z" },
    { url = "https://files.pythonhosted.org/packages/43/49/afe1e3df87a770861cf17ba39f4a91f6d22a2571010fc1890b3708360630/cython-3.2.3-cp39-abi3-macosx_10_9_x86_64.whl", hash = "sha256:74f482da8b605c61b4df6ff716d013f20131949cb2fa59b03e63abd36ef5bac0", size = 2874467, upload-time = "2025-12-14T07:51:31.568Z" },
    { url = "https://files.pythonhosted.org/packages/c7/da/044f725a083e28fb4de5bd33d13ec13f0753734b6ae52d4bc07434610cc8/cython-3.2.3-cp39-abi3-manylinux1_i686.manylinux_2_28_i686.manylinux_2_5_i686.whl", hash = "sha256:0a75a04688875b275a6c875565e672325bae04327dd6ec2fc25aeb5c6cf82fce", size = 3211272, upload-time = "2025-12-14T07:51:33.673Z" },
    { url = "https://files.pythonhosted.org/packages/95/14/af02ba6e2e03279f2ca2956e3024a44faed4c8496bda8170b663dc3ba6e8/cython-3.2.3-cp39-abi3-manylinux2014_armv7l.manylinux_2_17_armv7l.manylinux_2_31_armv7l.whl", hash = "sha256:6b01b36c9eb1b68c25bddbeef7379f7bfc37f7c9afc044e71840ffab761a2dd0", size = 2856058, upload-time = "2025-12-14T07:51:36.015Z" },
    { url = "https://files.pythonhosted.org/packages/69/16/d254359396c2f099ab154f89b2b35f5b8b0dd21a8102c2c96a7e00291434/cython-3.2.3-cp39-abi3-musllinux_1_2_aarch64.whl", hash = "sha256:3829f99d611412288f44ff543e9d2b5c0c83274998b2a6680bbe5cca3539c1fd", size = 2993276, upload-time = "2025-12-14T07:51:37.863Z" },
    { url = "https://files.pythonhosted.org/packages/51/0e/1a071381923e896f751f8fbff2a01c5dc8860a8b9a90066f6ec8df561dc4/cython-3.2.3-cp39-abi3-musllinux_1_2_armv7l.whl", hash = "sha256:c2365a0c79ab9c0fa86d30a4a6ba7e37fc1be9537c48b79b9d63ee7e08bf2fef", size = 2890843, upload-time = "2025-12-14T07:51:40.409Z" },
    { url = "https://files.pythonhosted.org/packages/f4/46/1e93e10766db988e6bb8e5c6f7e2e90b9e62f1ac8dee4c1a6cf1fc170773/cython-3.2.3-cp39-abi3-musllinux_1_2_i686.whl", hash = "sha256:3141734fb15f8b5e9402b9240f8da8336edecae91742b41c85678c31ab68f66d", size = 3225339, upload-time = "2025-12-14T07:51:42.09Z" },
    { url = "https://files.pythonhosted.org/packages/d4/ae/c284b06ae6a9c95d5883bf8744d10466cf0df64cef041a4c80ccf9fd07bd/cython-3.2.3-cp39-abi3-musllinux_1_2_x86_64.whl", hash = "sha256:9a24cc653fad3adbd9cbaa638d80df3aa08a1fe27f62eb35850971c70be680df", size = 3114751, upload-time = "2025-12-14T07:51:44.088Z" },
    { url = "https://files.pythonhosted.org/packages/c6/d6/7795a4775c70256217134195f06b07233cf17b00f8905d5b3d782208af64/cython-3.2.3-cp39-abi3-win32.whl", hash = "sha256:b39dff92db70cbd95528f3b81d70e06bd6d3fc9c1dd91321e4d3b999ece3bceb", size = 2435616, upload-time = "2025-12-14T07:51:46.063Z" },
    { url = "https://files.pythonhosted.org/packages/18/9e/2a3edcb858ad74e6274448dccf32150c532bc6e423f112a71f65ff3b5680/cython-3.2.3-cp39-abi3-win_arm64.whl", hash = "sha256:18edc858e6a52de47fe03ffa97ea14dadf450e20069de0a8aef531006c4bbd93", size = 2440952, upload-time = "2025-12-14T07:51:47.943Z" },
    { url = "https://files.pythonhosted.org/packages/e5/41/54fd429ff8147475fc24ca43246f85d78fb4e747c27f227e68f1594648f1/cython-3.2.3-py3-none-any.whl", hash = "sha256:06a1317097f540d3bb6c7b81ed58a0d8b9dbfa97abf39dfd4c22ee87a6c7241e", size = 1255561, upload-time = "2025-12-14T07:50:31.217Z" },
]

[[package]]
name = "isolate-speech"
version = "0.1.0"
source = { virtual = "." }
dependencies = [
    { name = "numpy" },
    { name = "pyroomacoustics" },
    { name = "scipy" },
    { name = "soundfile" },
    { name = "tqdm" },
]

[package.metadata]
requires-dist = [
    { name = "numpy" },
    { name = "pyroomacoustics" },
    { name = "scipy" },
    { name = "soundfile" },
    { name = "tqdm" },
]

[[package]]
name = "numpy"
version = "2.4.0"
source = { registry = "https://pypi.org/simple" }
sdist = { url = "https://files.pythonhosted.org/packages/a4/7a/6a3d14e205d292b738db449d0de649b373a59edb0d0b4493821d0a3e8718/numpy-2.4.0.tar.gz", hash = "sha256:6e504f7b16118198f138ef31ba24d985b124c2c469fe8467007cf30fd992f934", size = 20685720, upload-time = "2025-12-20T16:18:19.023Z" }
wheels = [
    { url = "https://files.pythonhosted.org/packages/26/7e/7bae7cbcc2f8132271967aa03e03954fc1e48aa1f3bf32b29ca95fbef352/numpy-2.4.0-cp311-cp311-macosx_10_9_x86_64.whl", hash = "sha256:316b2f2584682318539f0bcaca5a496ce9ca78c88066579ebd11fd06f8e4741e", size = 16940166, upload-time = "2025-12-20T16:15:43.434Z" },
    { url = "https://files.pythonhosted.org/packages/0f/27/6c13f5b46776d6246ec884ac5817452672156a506d08a1f2abb39961930a/numpy-2.4.0-cp311-cp311-macosx_11_0_arm64.whl", hash = "sha256:a2718c1de8504121714234b6f8241d0019450353276c88b9453c9c3d92e101db", size = 12641781, upload-time = "2025-12-20T16:15:45.701Z" },
    { url = "https://files.pythonhosted.org/packages/14/1c/83b4998d4860d15283241d9e5215f28b40ac31f497c04b12fa7f428ff370/numpy-2.4.0-cp311-cp311-macosx_14_0_arm64.whl", hash = "sha256:21555da4ec4a0c942520ead42c3b0dc9477441e085c42b0fbdd6a084869a6f6b", size = 5470247, upload-time = "2025-12-20T16:15:47.943Z" },
    { url = "https://files.pythonhosted.org/packages/54/08/cbce72c835d937795571b0464b52069f869c9e78b0c076d416c5269d2718/numpy-2.4.0-cp311-cp311-macosx_14_0_x86_64.whl", hash = "sha256:413aa561266a4be2d06cd2b9665e89d9f54c543f418773076a76adcf2af08bc7", size = 6799807, upload-time = "2025-12-20T16:15:49.795Z" },
    { url = "https://files.pythonhosted.org/packages/ff/be/2e647961cd8c980591d75cdcd9e8f647d69fbe05e2a25613dc0a2ea5fb1a/numpy-2.4.0-cp311-cp311-manylinux_2_27_aarch64.manylinux_2_28_aarch64.whl", hash = "sha256:0feafc9e03128074689183031181fac0897ff169692d8492066e949041096548", size = 14701992, upload-time = "2025-12-20T16:15:51.615Z" },
    { url = "https://files.pythonhosted.org/packages/a2/fb/e1652fb8b6fd91ce6ed429143fe2e01ce714711e03e5b762615e7b36172c/numpy-2.4.0-cp311-cp311-manylinux_2_27_x86_64.manylinux_2_28_x86_64.whl", hash = "sha256:a8fdfed3deaf1928fb7667d96e0567cdf58c2b370ea2ee7e586aa383ec2cb346", size = 16646871, upload-time = "2025-12-20T16:15:54.129Z" },
    { url = "https://files.pythonhosted.org/packages/62/23/d841207e63c4322842f7cd042ae981cffe715c73376dcad8235fb31debf1/numpy-2.4.0-cp311-cp311-musllinux_1_2_aarch64.whl", hash = "sha256:e06a922a469cae9a57100864caf4f8a97a1026513793969f8ba5b63137a35d25", size = 16487190, upload-time = "2025-12-20T16:15:56.147Z" },
    { url = "https://files.pythonhosted.org/packages/bc/a0/6a842c8421ebfdec0a230e65f61e0dabda6edbef443d999d79b87c273965/numpy-2.4.0-cp311-cp311-musllinux_1_2_x86_64.whl", hash = "sha256:927ccf5cd17c48f801f4ed43a7e5673a2724bd2171460be3e3894e6e332ef83a", size = 18580762, upload-time = "2025-12-20T16:15:58.524Z" },
    { url = "https://files.pythonhosted.org/packages/0a/d1/c79e0046641186f2134dde05e6181825b911f8bdcef31b19ddd16e232847/numpy-2.4.0-cp311-cp311-win32.whl", hash = "sha256:882567b7ae57c1b1a0250208cc21a7976d8cbcc49d5a322e607e6f09c9e0bd53", size = 6233359, upload-time = "2025-12-20T16:16:00.938Z" },
    { url = "https://files.pythonhosted.org/packages/fc/f0/74965001d231f28184d6305b8cdc1b6fcd4bf23033f6cb039cfe76c9fca7/numpy-2.4.0-cp311-cp311-win_amd64.whl", hash = "sha256:8b986403023c8f3bf8f487c2e6186afda156174d31c175f747d8934dfddf3479", size = 12601132, upload-time = "2025-12-20T16:16:02.484Z" },
    { url = "https://files.pythonhosted.org/packages/65/32/55408d0f46dfebce38017f5bd931affa7256ad6beac1a92a012e1fbc67a7/numpy-2.4.0-cp311-cp311-win_arm64.whl", hash = "sha256:3f3096405acc48887458bbf9f6814d43785ac7ba2a57ea6442b581dedbc60ce6", size = 10573977, upload-time = "2025-12-20T16:16:04.77Z" },
    { url = "https://files.pythonhosted.org/packages/8b/ff/f6400ffec95de41c74b8e73df32e3fff1830633193a7b1e409be7fb1bb8c/numpy-2.4.0-cp312-cp312-macosx_10_13_x86_64.whl", hash = "sha256:2a8b6bb8369abefb8bd1801b054ad50e02b3275c8614dc6e5b0373c305291037", size = 16653117, upload-time = "2025-12-20T16:16:06.709Z" },
    { url = "https://files.pythonhosted.org/packages/fd/28/6c23e97450035072e8d830a3c411bf1abd1f42c611ff9d29e3d8f55c6252/numpy-2.4.0-cp312-cp312-macosx_11_0_arm64.whl", hash = "sha256:2e284ca13d5a8367e43734148622caf0b261b275673823593e3e3634a6490f83", size = 12369711, upload-time = "2025-12-20T16:16:08.758Z" },
    { url = "https://files.pythonhosted.org/packages/bc/af/acbef97b630ab1bb45e6a7d01d1452e4251aa88ce680ac36e56c272120ec/numpy-2.4.0-cp312-cp312-macosx_14_0_arm64.whl", hash = "sha256:49ff32b09f5aa0cd30a20c2b39db3e669c845589f2b7fc910365210887e39344", size = 5198355, upload-time = "2025-12-20T16:16:10.902Z" },
    { url = "https://files.pythonhosted.org/packages/c1/c8/4e0d436b66b826f2e53330adaa6311f5cac9871a5b5c31ad773b27f25a74/numpy-2.4.0-cp312-cp312-macosx_14_0_x86_64.whl", hash = "sha256:36cbfb13c152b1c7c184ddac43765db8ad672567e7bafff2cc755a09917ed2e6", size = 6545298, upload-time = "2025-12-20T16:16:12.607Z" },
    { url = "https://files.pythonhosted.org/packages/ef/27/e1f5d144ab54eac34875e79037011d511ac57b21b220063310cb96c80fbc/numpy-2.4.0-cp312-cp312-manylinux_2_27_aarch64.manylinux_2_28_aarch64.whl", hash = "sha256:35ddc8f4914466e6fc954c76527aa91aa763682a4f6d73249ef20b418fe6effb", size = 14398387, upload-time = "2025-12-20T16:16:14.257Z" },
    { url = "https://files.pythonhosted.org/packages/67/64/4cb909dd5ab09a9a5d086eff9586e69e827b88a5585517386879474f4cf7/numpy-2.4.0-cp312-cp312-manylinux_2_27_x86_64.manylinux_2_28_x86_64.whl", hash = "sha256:dc578891de1db95b2a35001b695451767b580bb45753717498213c5ff3c41d63", size = 16363091, upload-time = "2025-12-20T16:16:17.32Z" },
    { url = "https://files.pythonhosted.org/packages/9d/9c/8efe24577523ec6809261859737cf117b0eb6fdb655abdfdc81b2e468ce4/numpy-2.4.0-cp312-cp312-musllinux_1_2_aarch64.whl", hash = "sha256:98e81648e0b36e325ab67e46b5400a7a6d4a22b8a7c8e8bbfe20e7db7906bf95", size = 16176394, upload-time = "2025-12-20T16:16:19.524Z" },
    { url = "https://files.pythonhosted.org/packages/61/f0/1687441ece7b47a62e45a1f82015352c240765c707928edd8aef875d5951/numpy-2.4.0-cp312-cp312-musllinux_1_2_x86_64.whl", hash = "sha256:d57b5046c120561ba8fa8e4030fbb8b822f3063910fa901ffadf16e2b7128ad6", size = 18287378, upload-time = "2025-12-20T16:16:22.866Z" },
    { url = "https://files.pythonhosted.org/packages/d3/6f/f868765d44e6fc466467ed810ba9d8d6db1add7d4a748abfa2a4c99a3194/numpy-2.4.0-cp312-cp312-win32.whl", hash = "sha256:92190db305a6f48734d3982f2c60fa30d6b5ee9bff10f2887b930d7b40119f4c", size = 5955432, upload-time = "2025-12-20T16:16:25.06Z" },
    { url = "https://files.pythonhosted.org/packages/d4/b5/94c1e79fcbab38d1ca15e13777477b2914dd2d559b410f96949d6637b085/numpy-2.4.0-cp312-cp312-win_amd64.whl", hash = "sha256:680060061adb2d74ce352628cb798cfdec399068aa7f07ba9fb818b2b3305f98", size = 12306201, upload-time = "2025-12-20T16:16:26.979Z" },
    { url = "https://files.pythonhosted.org/packages/70/09/c39dadf0b13bb0768cd29d6a3aaff1fb7c6905ac40e9aaeca26b1c086e06/numpy-2.4.0-cp312-cp312-win_arm64.whl", hash = "sha256:39699233bc72dd482da1415dcb06076e32f60eddc796a796c5fb6c5efce94667", size = 10308234, upload-time = "2025-12-20T16:16:29.417Z" },
    { url = "https://files.pythonhosted.org/packages/4b/ef/088e7c7342f300aaf3ee5f2c821c4b9996a1bef2aaf6a49cc8ab4883758e/numpy-2.4.0-pp311-pypy311_pp73-macosx_10_15_x86_64.whl", hash = "sha256:b54c83f1c0c0f1d748dca0af516062b8829d53d1f0c402be24b4257a9c48ada6", size = 16819003, upload-time = "2025-12-20T16:18:03.41Z" },
    { url = "https://files.pythonhosted.org/packages/ff/ce/a53017b5443b4b84517182d463fc7bcc2adb4faa8b20813f8e5f5aeb5faa/numpy-2.4.0-pp311-pypy311_pp73-macosx_11_0_arm64.whl", hash = "sha256:aabb081ca0ec5d39591fc33018cd4b3f96e1a2dd6756282029986d00a785fba4", size = 12567105, upload-time = "2025-12-20T16:18:05.594Z" },
    { url = "https://files.pythonhosted.org/packages/77/58/5ff91b161f2ec650c88a626c3905d938c89aaadabd0431e6d9c1330c83e2/numpy-2.4.0-pp311-pypy311_pp73-macosx_14_0_arm64.whl", hash = "sha256:8eafe7c36c8430b7794edeab3087dec7bf31d634d92f2af9949434b9d1964cba", size = 5395590, upload-time = "2025-12-20T16:18:08.031Z" },
    { url = "https://files.pythonhosted.org/packages/1d/4e/f1a084106df8c2df8132fc437e56987308e0524836aa7733721c8429d4fe/numpy-2.4.0-pp311-pypy311_pp73-macosx_14_0_x86_64.whl", hash = "sha256:2f585f52b2baf07ff3356158d9268ea095e221371f1074fadea2f42544d58b4d", size = 6709947, upload-time = "2025-12-20T16:18:09.836Z" },
    { url = "https://files.pythonhosted.org/packages/63/09/3d8aeb809c0332c3f642da812ac2e3d74fc9252b3021f8c30c82e99e3f3d/numpy-2.4.0-pp311-pypy311_pp73-manylinux_2_27_aarch64.manylinux_2_28_aarch64.whl", hash = "sha256:32ed06d0fe9cae27d8fb5f400c63ccee72370599c75e683a6358dd3a4fb50aaf", size = 14535119, upload-time = "2025-12-20T16:18:12.105Z" },
    { url = "https://files.pythonhosted.org/packages/fd/7f/68f0fc43a2cbdc6bb239160c754d87c922f60fbaa0fa3cd3d312b8a7f5ee/numpy-2.4.0-pp311-pypy311_pp73-manylinux_2_27_x86_64.manylinux_2_28_x86_64.whl", hash = "sha256:57c540ed8fb1f05cb997c6761cd56db72395b0d6985e90571ff660452ade4f98", size = 16475815, upload-time = "2025-12-20T16:18:14.433Z" },
    { url = "https://files.pythonhosted.org/packages/11/73/edeacba3167b1ca66d51b1a5a14697c2c40098b5ffa01811c67b1785a5ab/numpy-2.4.0-pp311-pypy311_pp73-win_amd64.whl", hash = "sha256:a39fb973a726e63223287adc6dafe444ce75af952d711e400f3bf2b36ef55a7b", size = 12489376, upload-time = "2025-12-20T16:18:16.524Z" },
]

[[package]]
name = "pybind11"
version = "3.0.1"
source = { registry = "https://pypi.org/simple" }
sdist = { url = "https://files.pythonhosted.org/packages/2f/7b/a6d8dcb83c457e24a9df1e4d8fd5fb8034d4bbc62f3c324681e8a9ba57c2/pybind11-3.0.1.tar.gz", hash = "sha256:9c0f40056a016da59bab516efb523089139fcc6f2ba7e4930854c61efb932051", size = 546914, upload-time = "2025-08-22T20:09:27.265Z" }
wheels = [
    { url = "https://files.pythonhosted.org/packages/cd/8a/37362fc2b949d5f733a8b0f2ff51ba423914cabefe69f1d1b6aab710f5fe/pybind11-3.0.1-py3-none-any.whl", hash = "sha256:aa8f0aa6e0a94d3b64adfc38f560f33f15e589be2175e103c0a33c6bce55ee89", size = 293611, upload-time = "2025-08-22T20:09:25.235Z" },
]

[[package]]
name = "pycparser"
version = "2.23"
source = { registry = "https://pypi.org/simple" }
sdist = { url = "https://files.pythonhosted.org/packages/fe/cf/d2d3b9f5699fb1e4615c8e32ff220203e43b248e1dfcc6736ad9057731ca/pycparser-2.23.tar.gz", hash = "sha256:78816d4f24add8f10a06d6f05b4d424ad9e96cfebf68a4ddc99c65c0720d00c2", size = 173734, upload-time = "2025-09-09T13:23:47.91Z" }
wheels = [
    { url = "https://files.pythonhosted.org/packages/a0/e3/59cd50310fc9b59512193629e1984c1f95e5c8ae6e5d8c69532ccc65a7fe/pycparser-2.23-py3-none-any.whl", hash = "sha256:e5c6e8d3fbad53479cab09ac03729e0a9faf2bee3db8208a550daf5af81a5934", size = 118140, upload-time = "2025-09-09T13:23:46.651Z" },
]

[[package]]
name = "pyroomacoustics"
version = "0.9.0"
source = { registry = "https://pypi.org/simple" }
dependencies = [
    { name = "cython" },
    { name = "numpy" },
    { name = "pybind11" },
    { name = "scipy" },
]
sdist = { url = "https://files.pythonhosted.org/packages/26/25/6c4212ec74229755a809e6fe26792f3bdc57562c017f0749346ac9629c98/pyroomacoustics-0.9.0.tar.gz", hash = "sha256:c4b027b7a89427942ed3327a2d7525d1532eb2547f89cf48a020af60d8c4fd29", size = 35095144, upload-time = "2025-12-07T14:11:15.485Z" }
wheels = [
    { url = "https://files.pythonhosted.org/packages/e6/ca/947e3667d91c3729278fd8aa8f9b80499b3a0abd36851ec71305cb48c983/pyroomacoustics-0.9.0-cp311-cp311-macosx_10_9_universal2.whl", hash = "sha256:f2a0a712ca81d0864ea8a72bf580dbf0deae661ddf57b8fc6f217c3af692f650", size = 34946106, upload-time = "2025-12-07T14:34:16.311Z" },
    { url = "https://files.pythonhosted.org/packages/8f/56/a1f56fab46d50c3d2a0f07673d58262fd5adc80f4bf1a4579c586c0f3b43/pyroomacoustics-0.9.0-cp311-cp311-win_amd64.whl", hash = "sha256:707e8a96e94aca20bd03e25f43be0d987d63055c498a9a24fba9ec3a0b541f01", size = 34372155, upload-time = "2025-12-07T14:25:52.381Z" },
    { url = "https://files.pythonhosted.org/packages/fe/50/cd0a5b91473c3655823901eff0875aa5d276fd7df4c8fdb12d415cc5d602/pyroomacoustics-0.9.0-cp312-cp312-macosx_10_13_universal2.whl", hash = "sha256:51e60f2a17f4c918dda5bfec5679ba0b8ef049ae8d2e22ab92b0bb8342c8a4ed", size = 34953587, upload-time = "2025-12-07T14:31:26.277Z" },
    { url = "https://files.pythonhosted.org/packages/24/41/25d66f3819d006896f5799aef21f5baf9f1d28197d0c7ab38ffa97de18aa/pyroomacoustics-0.9.0-cp312-cp312-win_amd64.whl", hash = "sha256:d0aadb8ab28fc6c3dc19d2e9876910b20ae82ab0c6c5e236a64a454530fb3801", size = 34373883, upload-time = "2025-12-07T14:29:19.053Z" },
]

[[package]]
name = "scipy"
version = "1.16.3"
source = { registry = "https://pypi.org/simple" }
dependencies = [
    { name = "numpy" },
]
sdist = { url = "https://files.pythonhosted.org/packages/0a/ca/d8ace4f98322d01abcd52d381134344bf7b431eba7ed8b42bdea5a3c2ac9/scipy-1.16.3.tar.gz", hash = "sha256:01e87659402762f43bd2fee13370553a17ada367d42e7487800bf2916535aecb", size = 30597883, upload-time = "2025-10-28T17:38:54.068Z" }
wheels = [
    { url = "https://files.pythonhosted.org/packages/9b/5f/6f37d7439de1455ce9c5a556b8d1db0979f03a796c030bafdf08d35b7bf9/scipy-1.16.3-cp311-cp311-macosx_10_14_x86_64.whl", hash = "sha256:40be6cf99e68b6c4321e9f8782e7d5ff8265af28ef2cd56e9c9b2638fa08ad97", size = 36630881, upload-time = "2025-10-28T17:31:47.104Z" },
    { url = "https://files.pythonhosted.org/packages/7c/89/d70e9f628749b7e4db2aa4cd89735502ff3f08f7b9b27d2e799485987cd9/scipy-1.16.3-cp311-cp311-macosx_12_0_arm64.whl", hash = "sha256:8be1ca9170fcb6223cc7c27f4305d680ded114a1567c0bd2bfcbf947d1b17511", size = 28941012, upload-time = "2025-10-28T17:31:53.411Z" },
    { url = "https://files.pythonhosted.org/packages/a8/a8/0e7a9a6872a923505dbdf6bb93451edcac120363131c19013044a1e7cb0c/scipy-1.16.3-cp311-cp311-macosx_14_0_arm64.whl", hash = "sha256:bea0a62734d20d67608660f69dcda23e7f90fb4ca20974ab80b6ed40df87a005", size = 20931935, upload-time = "2025-10-28T17:31:57.361Z" },
    { url = "https://files.pythonhosted.org/packages/bd/c7/020fb72bd79ad798e4dbe53938543ecb96b3a9ac3fe274b7189e23e27353/scipy-1.16.3-cp311-cp311-macosx_14_0_x86_64.whl", hash = "sha256:2a207a6ce9c24f1951241f4693ede2d393f59c07abc159b2cb2be980820e01fb", size = 23534466, upload-time = "2025-10-28T17:32:01.875Z" },
    { url = "https://files.pythonhosted.org/packages/be/a0/668c4609ce6dbf2f948e167836ccaf897f95fb63fa231c87da7558a374cd/scipy-1.16.3-cp311-cp311-manylinux2014_aarch64.manylinux_2_17_aarch64.whl", hash = "sha256:532fb5ad6a87e9e9cd9c959b106b73145a03f04c7d57ea3e6f6bb60b86ab0876", size = 33593618, upload-time = "2025-10-28T17:32:06.902Z" },
    { url = "https://files.pythonhosted.org/packages/ca/6e/8942461cf2636cdae083e3eb72622a7fbbfa5cf559c7d13ab250a5dbdc01/scipy-1.16.3-cp311-cp311-manylinux2014_x86_64.manylinux_2_17_x86_64.whl", hash = "sha256:0151a0749efeaaab78711c78422d413c583b8cdd2011a3c1d6c794938ee9fdb2", size = 35899798, upload-time = "2025-10-28T17:32:12.665Z" },
    { url = "https://files.pythonhosted.org/packages/79/e8/d0f33590364cdbd67f28ce79368b373889faa4ee959588beddf6daef9abe/scipy-1.16.3-cp311-cp311-musllinux_1_2_aarch64.whl", hash = "sha256:b7180967113560cca57418a7bc719e30366b47959dd845a93206fbed693c867e", size = 36226154, upload-time = "2025-10-28T17:32:17.961Z" },
    { url = "https://files.pythonhosted.org/packages/39/c1/1903de608c0c924a1749c590064e65810f8046e437aba6be365abc4f7557/scipy-1.16.3-cp311-cp311-musllinux_1_2_x86_64.whl", hash = "sha256:deb3841c925eeddb6afc1e4e4a45e418d19ec7b87c5df177695224078e8ec733", size = 38878540, upload-time = "2025-10-28T17:32:23.907Z" },
    { url = "https://files.pythonhosted.org/packages/f1/d0/22ec7036ba0b0a35bccb7f25ab407382ed34af0b111475eb301c16f8a2e5/scipy-1.16.3-cp311-cp311-win_amd64.whl", hash = "sha256:53c3844d527213631e886621df5695d35e4f6a75f620dca412bcd292f6b87d78", size = 38722107, upload-time = "2025-10-28T17:32:29.921Z" },
    { url = "https://files.pythonhosted.org/packages/7b/60/8a00e5a524bb3bf8898db1650d350f50e6cffb9d7a491c561dc9826c7515/scipy-1.16.3-cp311-cp311-win_arm64.whl", hash = "sha256:9452781bd879b14b6f055b26643703551320aa8d79ae064a71df55c00286a184", size = 25506272, upload-time = "2025-10-28T17:32:34.577Z" },
    { url = "https://files.pythonhosted.org/packages/40/41/5bf55c3f386b1643812f3a5674edf74b26184378ef0f3e7c7a09a7e2ca7f/scipy-1.16.3-cp312-cp312-macosx_10_14_x86_64.whl", hash = "sha256:81fc5827606858cf71446a5e98715ba0e11f0dbc83d71c7409d05486592a45d6", size = 36659043, upload-time = "2025-10-28T17:32:40.285Z" },
    { url = "https://files.pythonhosted.org/packages/1e/0f/65582071948cfc45d43e9870bf7ca5f0e0684e165d7c9ef4e50d783073eb/scipy-1.16.3-cp312-cp312-macosx_12_0_arm64.whl", hash = "sha256:c97176013d404c7346bf57874eaac5187d969293bf40497140b0a2b2b7482e07", size = 28898986, upload-time = "2025-10-28T17:32:45.325Z" },
    { url = "https://files.pythonhosted.org/packages/96/5e/36bf3f0ac298187d1ceadde9051177d6a4fe4d507e8f59067dc9dd39e650/scipy-1.16.3-cp312-cp312-macosx_14_0_arm64.whl", hash = "sha256:2b71d93c8a9936046866acebc915e2af2e292b883ed6e2cbe5c34beb094b82d9", size = 20889814, upload-time = "2025-10-28T17:32:49.277Z" },
    { url = "https://files.pythonhosted.org/packages/80/35/178d9d0c35394d5d5211bbff7ac4f2986c5488b59506fef9e1de13ea28d3/scipy-1.16.3-cp312-cp312-macosx_14_0_x86_64.whl", hash = "sha256:3d4a07a8e785d80289dfe66b7c27d8634a773020742ec7187b85ccc4b0e7b686", size = 23565795, upload-time = "2025-10-28T17:32:53.337Z" },
    { url = "https://files.pythonhosted.org/packages/fa/46/d1146ff536d034d02f83c8afc3c4bab2eddb634624d6529a8512f3afc9da/scipy-1.16.3-cp312-cp312-manylinux2014_aarch64.manylinux_2_17_aarch64.whl", hash = "sha256:0553371015692a898e1aa858fed67a3576c34edefa6b7ebdb4e9dde49ce5c203", size = 33349476, upload-time = "2025-10-28T17:32:58.353Z" },
    { url = "https://files.pythonhosted.org/packages/79/2e/415119c9ab3e62249e18c2b082c07aff907a273741b3f8160414b0e9193c/scipy-1.16.3-cp312-cp312-manylinux2014_x86_64.manylinux_2_17_x86_64.whl", hash = "sha256:72d1717fd3b5e6ec747327ce9bda32d5463f472c9dce9f54499e81fbd50245a1", size = 35676692, upload-time = "2025-10-28T17:33:03.88Z" },
    { url = "https://files.pythonhosted.org/packages/27/82/df26e44da78bf8d2aeaf7566082260cfa15955a5a6e96e6a29935b64132f/scipy-1.16.3-cp312-cp312-musllinux_1_2_aarch64.whl", hash = "sha256:1fb2472e72e24d1530debe6ae078db70fb1605350c88a3d14bc401d6306dbffe", size = 36019345, upload-time = "2025-10-28T17:33:09.773Z" },
    { url = "https://files.pythonhosted.org/packages/82/31/006cbb4b648ba379a95c87262c2855cd0d09453e500937f78b30f02fa1cd/scipy-1.16.3-cp312-cp312-musllinux_1_2_x86_64.whl", hash = "sha256:c5192722cffe15f9329a3948c4b1db789fbb1f05c97899187dcf009b283aea70", size = 38678975, upload-time = "2025-10-28T17:33:15.809Z" },
    { url = "https://files.pythonhosted.org/packages/c2/7f/acbd28c97e990b421af7d6d6cd416358c9c293fc958b8529e0bd5d2a2a19/scipy-1.16.3-cp312-cp312-win_amd64.whl", hash = "sha256:56edc65510d1331dae01ef9b658d428e33ed48b4f77b1d51caf479a0253f96dc", size = 38555926, upload-time = "2025-10-28T17:33:21.388Z" },
    { url = "https://files.pythonhosted.org/packages/ce/69/c5c7807fd007dad4f48e0a5f2153038dc96e8725d3345b9ee31b2b7bed46/scipy-1.16.3-cp312-cp312-win_arm64.whl", hash = "sha256:a8a26c78ef223d3e30920ef759e25625a0ecdd0d60e5a8818b7513c3e5384cf2", size = 25463014, upload-time = "2025-10-28T17:33:25.975Z" },
]

[[package]]
name = "soundfile"
version = "0.13.1"
source = { registry = "https://pypi.org/simple" }
dependencies = [
    { name = "cffi" },
    { name = "numpy" },
]
sdist = { url = "https://files.pythonhosted.org/packages/e1/41/9b873a8c055582859b239be17902a85339bec6a30ad162f98c9b0288a2cc/soundfile-0.13.1.tar.gz", hash = "sha256:b2c68dab1e30297317080a5b43df57e302584c49e2942defdde0acccc53f0e5b", size = 46156, upload-time = "2025-01-25T09:17:04.831Z" }
wheels = [
    { url = "https://files.pythonhosted.org/packages/64/28/e2a36573ccbcf3d57c00626a21fe51989380636e821b341d36ccca0c1c3a/soundfile-0.13.1-py2.py3-none-any.whl", hash = "sha256:a23c717560da2cf4c7b5ae1142514e0fd82d6bbd9dfc93a50423447142f2c445", size = 25751, upload-time = "2025-01-25T09:16:44.235Z" },
    { url = "https://files.pythonhosted.org/packages/ea/ab/73e97a5b3cc46bba7ff8650a1504348fa1863a6f9d57d7001c6b67c5f20e/soundfile-0.13.1-py2.py3-none-macosx_10_9_x86_64.whl", hash = "sha256:82dc664d19831933fe59adad199bf3945ad06d84bc111a5b4c0d3089a5b9ec33", size = 1142250, upload-time = "2025-01-25T09:16:47.583Z" },
    { url = "https://files.pythonhosted.org/packages/a0/e5/58fd1a8d7b26fc113af244f966ee3aecf03cb9293cb935daaddc1e455e18/soundfile-0.13.1-py2.py3-none-macosx_11_0_arm64.whl", hash = "sha256:743f12c12c4054921e15736c6be09ac26b3b3d603aef6fd69f9dde68748f2593", size = 1101406, upload-time = "2025-01-25T09:16:49.662Z" },
    { url = "https://files.pythonhosted.org/packages/58/ae/c0e4a53d77cf6e9a04179535766b3321b0b9ced5f70522e4caf9329f0046/soundfile-0.13.1-py2.py3-none-manylinux_2_28_aarch64.whl", hash = "sha256:9c9e855f5a4d06ce4213f31918653ab7de0c5a8d8107cd2427e44b42df547deb", size = 1235729, upload-time = "2025-01-25T09:16:53.018Z" },
    { url = "https://files.pythonhosted.org/packages/57/5e/70bdd9579b35003a489fc850b5047beeda26328053ebadc1fb60f320f7db/soundfile-0.13.1-py2.py3-none-manylinux_2_28_x86_64.whl", hash = "sha256:03267c4e493315294834a0870f31dbb3b28a95561b80b134f0bd3cf2d5f0e618", size = 1313646, upload-time = "2025-01-25T09:16:54.872Z" },
    { url = "https://files.pythonhosted.org/packages/fe/df/8c11dc4dfceda14e3003bb81a0d0edcaaf0796dd7b4f826ea3e532146bba/soundfile-0.13.1-py2.py3-none-win32.whl", hash = "sha256:c734564fab7c5ddf8e9be5bf70bab68042cd17e9c214c06e365e20d64f9a69d5", size = 899881, upload-time = "2025-01-25T09:16:56.663Z" },
    { url = "https://files.pythonhosted.org/packages/14/e9/6b761de83277f2f02ded7e7ea6f07828ec78e4b229b80e4ca55dd205b9dc/soundfile-0.13.1-py2.py3-none-win_amd64.whl", hash = "sha256:1e70a05a0626524a69e9f0f4dd2ec174b4e9567f4d8b6c11d38b5c289be36ee9", size = 1019162, upload-time = "2025-01-25T09:16:59.573Z" },
]

[[package]]
name = "tqdm"
version = "4.67.1"
source = { registry = "https://pypi.org/simple" }
dependencies = [
    { name = "colorama", marker = "sys_platform == 'win32'" },
]
sdist = { url = "https://files.pythonhosted.org/packages/a8/4b/29b4ef32e036bb34e4ab51796dd745cdba7ed47ad142a9f4a1eb8e0c744d/tqdm-4.67.1.tar.gz", hash = "sha256:f8aef9c52c08c13a65f30ea34f4e5aac3fd1a34959879d7e59e63027286627f2", size = 169737, upload-time = "2024-11-24T20:12:22.481Z" }
wheels = [
    { url = "https://files.pythonhosted.org/packages/d0/30/dc54f88dd4a2b5dc8a0279bdd7270e735851848b762aeb1c1184ed1f6b14/tqdm-4.67.1-py3-none-any.whl", hash = "sha256:26445eca388f82e72884e0d580d5464cd801a3ea01e63e5601bdff9ba6a48de2", size = 78540, upload-time = "2024-11-24T20:12:19.698Z" },
]
